# This file is automatically @generated by Cargo.
# It is not intended for manual editing.
version = 4

[[package]]
name = "arrayvec"
version = "0.7.6"
source = "registry+https://github.com/rust-lang/crates.io-index"
checksum = "7c02d123df017efcdfbd739ef81735b36c5ba83ec3c59c80a9d7ecc718f92e50"

[[package]]
name = "memchr"
version = "2.7.5"
source = "registry+https://github.com/rust-lang/crates.io-index"
checksum = "32a282da65faaf38286cf3be983213fcf1d2e2a58700e808f83f4ea9a4804bc0"

[[package]]
name = "shellvetica"
version = "1.0.0-alpha"
dependencies = [
 "vte",
]

[[package]]
name = "vte"
version = "0.15.0"
source = "registry+https://github.com/rust-lang/crates.io-index"
checksum = "a5924018406ce0063cd67f8e008104968b74b563ee1b85dde3ed1f7cb87d3dbd"
dependencies = [
 "arrayvec",
 "memchr",
]
